// !$*UTF8*$!
{
	archiveVersion = 1;
	classes = {
	};
	objectVersion = 50;
	objects = {

/* Begin PBXBuildFile section */
		09D1753524D26478005CADCE /* GundamCollectionsView.swift in Sources */ = {isa = PBXBuildFile; fileRef = 09D1753424D26478005CADCE /* GundamCollectionsView.swift */; };
		09D1753824D266A3005CADCE /* GundamCollectionViewModel.swift in Sources */ = {isa = PBXBuildFile; fileRef = 09D1753724D266A3005CADCE /* GundamCollectionViewModel.swift */; };
		09D1753B24D266E4005CADCE /* GundamModel.swift in Sources */ = {isa = PBXBuildFile; fileRef = 09D1753A24D266E4005CADCE /* GundamModel.swift */; };
		09D1753D24D26867005CADCE /* GundamRowViewModel.swift in Sources */ = {isa = PBXBuildFile; fileRef = 09D1753C24D26867005CADCE /* GundamRowViewModel.swift */; };
		09D1754124D26ADB005CADCE /* GundamFetcher.swift in Sources */ = {isa = PBXBuildFile; fileRef = 09D1754024D26ADB005CADCE /* GundamFetcher.swift */; };
		09D1754524D26B63005CADCE /* Errors.swift in Sources */ = {isa = PBXBuildFile; fileRef = 09D1754424D26B63005CADCE /* Errors.swift */; };
		09D1754824D26C0D005CADCE /* GundamFetchable.swift in Sources */ = {isa = PBXBuildFile; fileRef = 09D1754724D26C0D005CADCE /* GundamFetchable.swift */; };
		09D1754A24D27102005CADCE /* GundamView.swift in Sources */ = {isa = PBXBuildFile; fileRef = 09D1754924D27102005CADCE /* GundamView.swift */; };
		09DDA16124C1377C00F54D0B /* AppDelegate.swift in Sources */ = {isa = PBXBuildFile; fileRef = 09DDA16024C1377C00F54D0B /* AppDelegate.swift */; };
		09DDA16324C1377C00F54D0B /* SceneDelegate.swift in Sources */ = {isa = PBXBuildFile; fileRef = 09DDA16224C1377C00F54D0B /* SceneDelegate.swift */; };
		09DDA16724C1377D00F54D0B /* Assets.xcassets in Resources */ = {isa = PBXBuildFile; fileRef = 09DDA16624C1377D00F54D0B /* Assets.xcassets */; };
		09DDA16A24C1377D00F54D0B /* Preview Assets.xcassets in Resources */ = {isa = PBXBuildFile; fileRef = 09DDA16924C1377D00F54D0B /* Preview Assets.xcassets */; };
		09DDA16D24C1377D00F54D0B /* LaunchScreen.storyboard in Resources */ = {isa = PBXBuildFile; fileRef = 09DDA16B24C1377D00F54D0B /* LaunchScreen.storyboard */; };
		09FAEF8124E621070000BB25 /* ImageDownloader.swift in Sources */ = {isa = PBXBuildFile; fileRef = 09FAEF8024E621070000BB25 /* ImageDownloader.swift */; };
		09FAEF8324E621600000BB25 /* ImageVIew.swift in Sources */ = {isa = PBXBuildFile; fileRef = 09FAEF8224E621600000BB25 /* ImageVIew.swift */; };
/* End PBXBuildFile section */

/* Begin PBXFileReference section */
		09D1753424D26478005CADCE /* GundamCollectionsView.swift */ = {isa = PBXFileReference; lastKnownFileType = sourcecode.swift; path = GundamCollectionsView.swift; sourceTree = "<group>"; };
		09D1753724D266A3005CADCE /* GundamCollectionViewModel.swift */ = {isa = PBXFileReference; lastKnownFileType = sourcecode.swift; path = GundamCollectionViewModel.swift; sourceTree = "<group>"; };
		09D1753A24D266E4005CADCE /* GundamModel.swift */ = {isa = PBXFileReference; lastKnownFileType = sourcecode.swift; path = GundamModel.swift; sourceTree = "<group>"; };
		09D1753C24D26867005CADCE /* GundamRowViewModel.swift */ = {isa = PBXFileReference; lastKnownFileType = sourcecode.swift; path = GundamRowViewModel.swift; sourceTree = "<group>"; };
		09D1754024D26ADB005CADCE /* GundamFetcher.swift */ = {isa = PBXFileReference; lastKnownFileType = sourcecode.swift; path = GundamFetcher.swift; sourceTree = "<group>"; };
		09D1754424D26B63005CADCE /* Errors.swift */ = {isa = PBXFileReference; lastKnownFileType = sourcecode.swift; path = Errors.swift; sourceTree = "<group>"; };
		09D1754724D26C0D005CADCE /* GundamFetchable.swift */ = {isa = PBXFileReference; lastKnownFileType = sourcecode.swift; path = GundamFetchable.swift; sourceTree = "<group>"; };
		09D1754924D27102005CADCE /* GundamView.swift */ = {isa = PBXFileReference; lastKnownFileType = sourcecode.swift; path = GundamView.swift; sourceTree = "<group>"; };
		09DDA15D24C1377C00F54D0B /* TrySwiftUIWithCombine.app */ = {isa = PBXFileReference; explicitFileType = wrapper.application; includeInIndex = 0; path = TrySwiftUIWithCombine.app; sourceTree = BUILT_PRODUCTS_DIR; };
		09DDA16024C1377C00F54D0B /* AppDelegate.swift */ = {isa = PBXFileReference; lastKnownFileType = sourcecode.swift; path = AppDelegate.swift; sourceTree = "<group>"; };
		09DDA16224C1377C00F54D0B /* SceneDelegate.swift */ = {isa = PBXFileReference; lastKnownFileType = sourcecode.swift; path = SceneDelegate.swift; sourceTree = "<group>"; };
		09DDA16624C1377D00F54D0B /* Assets.xcassets */ = {isa = PBXFileReference; lastKnownFileType = folder.assetcatalog; path = Assets.xcassets; sourceTree = "<group>"; };
		09DDA16924C1377D00F54D0B /* Preview Assets.xcassets */ = {isa = PBXFileReference; lastKnownFileType = folder.assetcatalog; path = "Preview Assets.xcassets"; sourceTree = "<group>"; };
		09DDA16C24C1377D00F54D0B /* Base */ = {isa = PBXFileReference; lastKnownFileType = file.storyboard; name = Base; path = Base.lproj/LaunchScreen.storyboard; sourceTree = "<group>"; };
		09DDA16E24C1377D00F54D0B /* Info.plist */ = {isa = PBXFileReference; lastKnownFileType = text.plist.xml; path = Info.plist; sourceTree = "<group>"; };
		09FAEF8024E621070000BB25 /* ImageDownloader.swift */ = {isa = PBXFileReference; lastKnownFileType = sourcecode.swift; path = ImageDownloader.swift; sourceTree = "<group>"; };
		09FAEF8224E621600000BB25 /* ImageVIew.swift */ = {isa = PBXFileReference; lastKnownFileType = sourcecode.swift; path = ImageVIew.swift; sourceTree = "<group>"; };
/* End PBXFileReference section */

/* Begin PBXFrameworksBuildPhase section */
		09DDA15A24C1377C00F54D0B /* Frameworks */ = {
			isa = PBXFrameworksBuildPhase;
			buildActionMask = 2147483647;
			files = (
			);
			runOnlyForDeploymentPostprocessing = 0;
		};
/* End PBXFrameworksBuildPhase section */

/* Begin PBXGroup section */
		09D1753324D26424005CADCE /* Views */ = {
			isa = PBXGroup;
			children = (
				09D1753424D26478005CADCE /* GundamCollectionsView.swift */,
				09D1754924D27102005CADCE /* GundamView.swift */,
				09FAEF8224E621600000BB25 /* ImageVIew.swift */,
			);
			path = Views;
			sourceTree = "<group>";
		};
		09D1753624D2666B005CADCE /* ViewModels */ = {
			isa = PBXGroup;
			children = (
				09D1753724D266A3005CADCE /* GundamCollectionViewModel.swift */,
				09D1753C24D26867005CADCE /* GundamRowViewModel.swift */,
			);
			path = ViewModels;
			sourceTree = "<group>";
		};
		09D1753924D266D4005CADCE /* Models */ = {
			isa = PBXGroup;
			children = (
				09D1753A24D266E4005CADCE /* GundamModel.swift */,
			);
			path = Models;
			sourceTree = "<group>";
		};
		09D1753E24D26ABC005CADCE /* API */ = {
			isa = PBXGroup;
			children = (
				09D1754024D26ADB005CADCE /* GundamFetcher.swift */,
			);
			path = API;
			sourceTree = "<group>";
		};
		09D1754224D26B35005CADCE /* Utils */ = {
			isa = PBXGroup;
			children = (
				09D1754324D26B3C005CADCE /* Errors */,
				09FAEF8024E621070000BB25 /* ImageDownloader.swift */,
			);
			path = Utils;
			sourceTree = "<group>";
		};
		09D1754324D26B3C005CADCE /* Errors */ = {
			isa = PBXGroup;
			children = (
				09D1754424D26B63005CADCE /* Errors.swift */,
			);
			path = Errors;
			sourceTree = "<group>";
		};
		09D1754624D26BEC005CADCE /* Protocols */ = {
			isa = PBXGroup;
			children = (
				09D1754724D26C0D005CADCE /* GundamFetchable.swift */,
			);
			path = Protocols;
			sourceTree = "<group>";
		};
		09DDA15424C1377C00F54D0B = {
			isa = PBXGroup;
			children = (
				09DDA15F24C1377C00F54D0B /* TrySwiftUIWithCombine */,
				09DDA15E24C1377C00F54D0B /* Products */,
			);
			sourceTree = "<group>";
		};
		09DDA15E24C1377C00F54D0B /* Products */ = {
			isa = PBXGroup;
			children = (
				09DDA15D24C1377C00F54D0B /* TrySwiftUIWithCombine.app */,
			);
			name = Products;
			sourceTree = "<group>";
		};
		09DDA15F24C1377C00F54D0B /* TrySwiftUIWithCombine */ = {
			isa = PBXGroup;
			children = (
				09DDA16024C1377C00F54D0B /* AppDelegate.swift */,
				09D1754624D26BEC005CADCE /* Protocols */,
				09D1754224D26B35005CADCE /* Utils */,
				09D1753E24D26ABC005CADCE /* API */,
				09D1753924D266D4005CADCE /* Models */,
				09DDA16224C1377C00F54D0B /* SceneDelegate.swift */,
				09D1753624D2666B005CADCE /* ViewModels */,
				09D1753324D26424005CADCE /* Views */,
				09DDA16624C1377D00F54D0B /* Assets.xcassets */,
				09DDA16B24C1377D00F54D0B /* LaunchScreen.storyboard */,
				09DDA16E24C1377D00F54D0B /* Info.plist */,
				09DDA16824C1377D00F54D0B /* Preview Content */,
			);
			path = TrySwiftUIWithCombine;
			sourceTree = "<group>";
		};
		09DDA16824C1377D00F54D0B /* Preview Content */ = {
			isa = PBXGroup;
			children = (
				09DDA16924C1377D00F54D0B /* Preview Assets.xcassets */,
			);
			path = "Preview Content";
			sourceTree = "<group>";
		};
/* End PBXGroup section */

/* Begin PBXNativeTarget section */
		09DDA15C24C1377C00F54D0B /* TrySwiftUIWithCombine */ = {
			isa = PBXNativeTarget;
			buildConfigurationList = 09DDA17124C1377D00F54D0B /* Build configuration list for PBXNativeTarget "TrySwiftUIWithCombine" */;
			buildPhases = (
				09DDA15924C1377C00F54D0B /* Sources */,
				09DDA15A24C1377C00F54D0B /* Frameworks */,
				09DDA15B24C1377C00F54D0B /* Resources */,
			);
			buildRules = (
			);
			dependencies = (
			);
			name = TrySwiftUIWithCombine;
			productName = TrySwiftUIWithCombine;
			productReference = 09DDA15D24C1377C00F54D0B /* TrySwiftUIWithCombine.app */;
			productType = "com.apple.product-type.application";
		};
/* End PBXNativeTarget section */

/* Begin PBXProject section */
		09DDA15524C1377C00F54D0B /* Project object */ = {
			isa = PBXProject;
			attributes = {
				LastSwiftUpdateCheck = 1150;
				LastUpgradeCheck = 1150;
				ORGANIZATIONNAME = " ohayoukenchan";
				TargetAttributes = {
					09DDA15C24C1377C00F54D0B = {
						CreatedOnToolsVersion = 11.5;
					};
				};
			};
			buildConfigurationList = 09DDA15824C1377C00F54D0B /* Build configuration list for PBXProject "TrySwiftUIWithCombine" */;
			compatibilityVersion = "Xcode 9.3";
			developmentRegion = en;
			hasScannedForEncodings = 0;
			knownRegions = (
				en,
				Base,
			);
			mainGroup = 09DDA15424C1377C00F54D0B;
			productRefGroup = 09DDA15E24C1377C00F54D0B /* Products */;
			projectDirPath = "";
			projectRoot = "";
			targets = (
				09DDA15C24C1377C00F54D0B /* TrySwiftUIWithCombine */,
			);
		};
/* End PBXProject section */

/* Begin PBXResourcesBuildPhase section */
		09DDA15B24C1377C00F54D0B /* Resources */ = {
			isa = PBXResourcesBuildPhase;
			buildActionMask = 2147483647;
			files = (
				09DDA16D24C1377D00F54D0B /* LaunchScreen.storyboard in Resources */,
				09DDA16A24C1377D00F54D0B /* Preview Assets.xcassets in Resources */,
				09DDA16724C1377D00F54D0B /* Assets.xcassets in Resources */,
			);
			runOnlyForDeploymentPostprocessing = 0;
		};
/* End PBXResourcesBuildPhase section */

/* Begin PBXSourcesBuildPhase section */
		09DDA15924C1377C00F54D0B /* Sources */ = {
			isa = PBXSourcesBuildPhase;
			buildActionMask = 2147483647;
			files = (
				09FAEF8324E621600000BB25 /* ImageVIew.swift in Sources */,
				09D1754824D26C0D005CADCE /* GundamFetchable.swift in Sources */,
				09DDA16124C1377C00F54D0B /* AppDelegate.swift in Sources */,
				09D1753D24D26867005CADCE /* GundamRowViewModel.swift in Sources */,
				09D1753524D26478005CADCE /* GundamCollectionsView.swift in Sources */,
				09D1753824D266A3005CADCE /* GundamCollectionViewModel.swift in Sources */,
				09D1754524D26B63005CADCE /* Errors.swift in Sources */,
				09FAEF8124E621070000BB25 /* ImageDownloader.swift in Sources */,
				09DDA16324C1377C00F54D0B /* SceneDelegate.swift in Sources */,
				09D1754124D26ADB005CADCE /* GundamFetcher.swift in Sources */,
				09D1754A24D27102005CADCE /* GundamView.swift in Sources */,
				09D1753B24D266E4005CADCE /* GundamModel.swift in Sources */,
			);
			runOnlyForDeploymentPostprocessing = 0;
		};
/* End PBXSourcesBuildPhase section */

/* Begin PBXVariantGroup section */
		09DDA16B24C1377D00F54D0B /* LaunchScreen.storyboard */ = {
			isa = PBXVariantGroup;
			children = (
				09DDA16C24C1377D00F54D0B /* Base */,
			);
			name = LaunchScreen.storyboard;
			sourceTree = "<group>";
		};
/* End PBXVariantGroup section */

/* Begin XCBuildConfiguration section */
		09DDA16F24C1377D00F54D0B /* Debug */ = {
			isa = XCBuildConfiguration;
			buildSettings = {
				ALWAYS_SEARCH_USER_PATHS = NO;
				CLANG_ANALYZER_NONNULL = YES;
				CLANG_ANALYZER_NUMBER_OBJECT_CONVERSION = YES_AGGRESSIVE;
				CLANG_CXX_LANGUAGE_STANDARD = "gnu++14";
				CLANG_CXX_LIBRARY = "libc++";
				CLANG_ENABLE_MODULES = YES;
				CLANG_ENABLE_OBJC_ARC = YES;
				CLANG_ENABLE_OBJC_WEAK = YES;
				CLANG_WARN_BLOCK_CAPTURE_AUTORELEASING = YES;
				CLANG_WARN_BOOL_CONVERSION = YES;
				CLANG_WARN_COMMA = YES;
				CLANG_WARN_CONSTANT_CONVERSION = YES;
				CLANG_WARN_DEPRECATED_OBJC_IMPLEMENTATIONS = YES;
				CLANG_WARN_DIRECT_OBJC_ISA_USAGE = YES_ERROR;
				CLANG_WARN_DOCUMENTATION_COMMENTS = YES;
				CLANG_WARN_EMPTY_BODY = YES;
				CLANG_WARN_ENUM_CONVERSION = YES;
				CLANG_WARN_INFINITE_RECURSION = YES;
				CLANG_WARN_INT_CONVERSION = YES;
				CLANG_WARN_NON_LITERAL_NULL_CONVERSION = YES;
				CLANG_WARN_OBJC_IMPLICIT_RETAIN_SELF = YES;
				CLANG_WARN_OBJC_LITERAL_CONVERSION = YES;
				CLANG_WARN_OBJC_ROOT_CLASS = YES_ERROR;
				CLANG_WARN_RANGE_LOOP_ANALYSIS = YES;
				CLANG_WARN_STRICT_PROTOTYPES = YES;
				CLANG_WARN_SUSPICIOUS_MOVE = YES;
				CLANG_WARN_UNGUARDED_AVAILABILITY = YES_AGGRESSIVE;
				CLANG_WARN_UNREACHABLE_CODE = YES;
				CLANG_WARN__DUPLICATE_METHOD_MATCH = YES;
				COPY_PHASE_STRIP = NO;
				DEBUG_INFORMATION_FORMAT = dwarf;
				ENABLE_STRICT_OBJC_MSGSEND = YES;
				ENABLE_TESTABILITY = YES;
				GCC_C_LANGUAGE_STANDARD = gnu11;
				GCC_DYNAMIC_NO_PIC = NO;
				GCC_NO_COMMON_BLOCKS = YES;
				GCC_OPTIMIZATION_LEVEL = 0;
				GCC_PREPROCESSOR_DEFINITIONS = (
					"DEBUG=1",
					"$(inherited)",
				);
				GCC_WARN_64_TO_32_BIT_CONVERSION = YES;
				GCC_WARN_ABOUT_RETURN_TYPE = YES_ERROR;
				GCC_WARN_UNDECLARED_SELECTOR = YES;
				GCC_WARN_UNINITIALIZED_AUTOS = YES_AGGRESSIVE;
				GCC_WARN_UNUSED_FUNCTION = YES;
				GCC_WARN_UNUSED_VARIABLE = YES;
				IPHONEOS_DEPLOYMENT_TARGET = 13.5;
				MTL_ENABLE_DEBUG_INFO = INCLUDE_SOURCE;
				MTL_FAST_MATH = YES;
				ONLY_ACTIVE_ARCH = YES;
				SDKROOT = iphoneos;
				SWIFT_ACTIVE_COMPILATION_CONDITIONS = DEBUG;
				SWIFT_OPTIMIZATION_LEVEL = "-Onone";
			};
			name = Debug;
		};
		09DDA17024C1377D00F54D0B /* Release */ = {
			isa = XCBuildConfiguration;
			buildSettings = {
				ALWAYS_SEARCH_USER_PATHS = NO;
				CLANG_ANALYZER_NONNULL = YES;
				CLANG_ANALYZER_NUMBER_OBJECT_CONVERSION = YES_AGGRESSIVE;
				CLANG_CXX_LANGUAGE_STANDARD = "gnu++14";
				CLANG_CXX_LIBRARY = "libc++";
				CLANG_ENABLE_MODULES = YES;
				CLANG_ENABLE_OBJC_ARC = YES;
				CLANG_ENABLE_OBJC_WEAK = YES;
				CLANG_WARN_BLOCK_CAPTURE_AUTORELEASING = YES;
				CLANG_WARN_BOOL_CONVERSION = YES;
				CLANG_WARN_COMMA = YES;
				CLANG_WARN_CONSTANT_CONVERSION = YES;
				CLANG_WARN_DEPRECATED_OBJC_IMPLEMENTATIONS = YES;
				CLANG_WARN_DIRECT_OBJC_ISA_USAGE = YES_ERROR;
				CLANG_WARN_DOCUMENTATION_COMMENTS = YES;
				CLANG_WARN_EMPTY_BODY = YES;
				CLANG_WARN_ENUM_CONVERSION = YES;
				CLANG_WARN_INFINITE_RECURSION = YES;
				CLANG_WARN_INT_CONVERSION = YES;
				CLANG_WARN_NON_LITERAL_NULL_CONVERSION = YES;
				CLANG_WARN_OBJC_IMPLICIT_RETAIN_SELF = YES;
				CLANG_WARN_OBJC_LITERAL_CONVERSION = YES;
				CLANG_WARN_OBJC_ROOT_CLASS = YES_ERROR;
				CLANG_WARN_RANGE_LOOP_ANALYSIS = YES;
				CLANG_WARN_STRICT_PROTOTYPES = YES;
				CLANG_WARN_SUSPICIOUS_MOVE = YES;
				CLANG_WARN_UNGUARDED_AVAILABILITY = YES_AGGRESSIVE;
				CLANG_WARN_UNREACHABLE_CODE = YES;
				CLANG_WARN__DUPLICATE_METHOD_MATCH = YES;
				COPY_PHASE_STRIP = NO;
				DEBUG_INFORMATION_FORMAT = "dwarf-with-dsym";
				ENABLE_NS_ASSERTIONS = NO;
				ENABLE_STRICT_OBJC_MSGSEND = YES;
				GCC_C_LANGUAGE_STANDARD = gnu11;
				GCC_NO_COMMON_BLOCKS = YES;
				GCC_WARN_64_TO_32_BIT_CONVERSION = YES;
				GCC_WARN_ABOUT_RETURN_TYPE = YES_ERROR;
				GCC_WARN_UNDECLARED_SELECTOR = YES;
				GCC_WARN_UNINITIALIZED_AUTOS = YES_AGGRESSIVE;
				GCC_WARN_UNUSED_FUNCTION = YES;
				GCC_WARN_UNUSED_VARIABLE = YES;
				IPHONEOS_DEPLOYMENT_TARGET = 13.5;
				MTL_ENABLE_DEBUG_INFO = NO;
				MTL_FAST_MATH = YES;
				SDKROOT = iphoneos;
				SWIFT_COMPILATION_MODE = wholemodule;
				SWIFT_OPTIMIZATION_LEVEL = "-O";
				VALIDATE_PRODUCT = YES;
			};
			name = Release;
		};
		09DDA17224C1377D00F54D0B /* Debug */ = {
			isa = XCBuildConfiguration;
			buildSettings = {
				ASSETCATALOG_COMPILER_APPICON_NAME = AppIcon;
				CODE_SIGN_STYLE = Automatic;
				DEVELOPMENT_ASSET_PATHS = "\"TrySwiftUIWithCombine/Preview Content\"";
				DEVELOPMENT_TEAM = L248HZDU6R;
				ENABLE_PREVIEWS = YES;
				INFOPLIST_FILE = TrySwiftUIWithCombine/Info.plist;
				LD_RUNPATH_SEARCH_PATHS = (
					"$(inherited)",
					"@executable_path/Frameworks",
				);
				PRODUCT_BUNDLE_IDENTIFIER = "com.ohayoukenchan.-try-swift-ui-with-combine.TrySwiftUIWithCombine";
				PRODUCT_NAME = "$(TARGET_NAME)";
				SWIFT_VERSION = 5.0;
				TARGETED_DEVICE_FAMILY = "1,2";
			};
			name = Debug;
		};
		09DDA17324C1377D00F54D0B /* Release */ = {
			isa = XCBuildConfiguration;
			buildSettings = {
				ASSETCATALOG_COMPILER_APPICON_NAME = AppIcon;
				CODE_SIGN_STYLE = Automatic;
				DEVELOPMENT_ASSET_PATHS = "\"TrySwiftUIWithCombine/Preview Content\"";
				DEVELOPMENT_TEAM = L248HZDU6R;
				ENABLE_PREVIEWS = YES;
				INFOPLIST_FILE = TrySwiftUIWithCombine/Info.plist;
				LD_RUNPATH_SEARCH_PATHS = (
					"$(inherited)",
					"@executable_path/Frameworks",
				);
				PRODUCT_BUNDLE_IDENTIFIER = "com.ohayoukenchan.-try-swift-ui-with-combine.TrySwiftUIWithCombine";
				PRODUCT_NAME = "$(TARGET_NAME)";
				SWIFT_VERSION = 5.0;
				TARGETED_DEVICE_FAMILY = "1,2";
			};
			name = Release;
		};
/* End XCBuildConfiguration section */

/* Begin XCConfigurationList section */
		09DDA15824C1377C00F54D0B /* Build configuration list for PBXProject "TrySwiftUIWithCombine" */ = {
			isa = XCConfigurationList;
			buildConfigurations = (
				09DDA16F24C1377D00F54D0B /* Debug */,
				09DDA17024C1377D00F54D0B /* Release */,
			);
			defaultConfigurationIsVisible = 0;
			defaultConfigurationName = Release;
		};
		09DDA17124C1377D00F54D0B /* Build configuration list for PBXNativeTarget "TrySwiftUIWithCombine" */ = {
			isa = XCConfigurationList;
			buildConfigurations = (
				09DDA17224C1377D00F54D0B /* Debug */,
				09DDA17324C1377D00F54D0B /* Release */,
			);
			defaultConfigurationIsVisible = 0;
			defaultConfigurationName = Release;
		};
/* End XCConfigurationList section */
	};
	rootObject = 09DDA15524C1377C00F54D0B /* Project object */;
}
